
Microsoft Visual Studio Solution File, Format Version 12.00
# Visual Studio Version 17
VisualStudioVersion = 17.9.34622.214
MinimumVisualStudioVersion = 10.0.40219.1
Project("{FAE04EC0-301F-11D3-BF4B-00C04F79EFBC}") = "CSHARPAPI_WineReview", "CSHARPAPI_WineReview.csproj", "{181B6037-9E7B-45D6-8C2C-404E147527B1}"
EndProject
Global
	GlobalSection(SolutionConfigurationPlatforms) = preSolution
		Debug|Any CPU = Debug|Any CPU
		Release|Any CPU = Release|Any CPU
	EndGlobalSection
	GlobalSection(ProjectConfigurationPlatforms) = postSolution
		{181B6037-9E7B-45D6-8C2C-404E147527B1}.Debug|Any CPU.ActiveCfg = Debug|Any CPU
		{181B6037-9E7B-45D6-8C2C-404E147527B1}.Debug|Any CPU.Build.0 = Debug|Any CPU
		{181B6037-9E7B-45D6-8C2C-404E147527B1}.Release|Any CPU.ActiveCfg = Release|Any CPU
		{181B6037-9E7B-45D6-8C2C-404E147527B1}.Release|Any CPU.Build.0 = Release|Any CPU
	EndGlobalSection
	GlobalSection(SolutionProperties) = preSolution
		HideSolutionNode = FALSE
	EndGlobalSection
	GlobalSection(ExtensibilityGlobals) = postSolution
		SolutionGuid = {57DBE07E-D6B7-4705-8A0A-99171037B644}
	EndGlobalSection
EndGlobal
